
Microsoft Visual Studio Solution File, Format Version 12.00
# Visual Studio Version 17
VisualStudioVersion = 17.9.34728.123
MinimumVisualStudioVersion = 10.0.40219.1
Project("{FAE04EC0-301F-11D3-BF4B-00C04F79EFBC}") = "googledocs", "googledocs.csproj", "{D0D3DF0E-1A41-44B0-8E11-8589FDB8D6C6}"
EndProject
Global
	GlobalSection(SolutionConfigurationPlatforms) = preSolution
		Debug|Any CPU = Debug|Any CPU
		Release|Any CPU = Release|Any CPU
	EndGlobalSection
	GlobalSection(ProjectConfigurationPlatforms) = postSolution
		{D0D3DF0E-1A41-44B0-8E11-8589FDB8D6C6}.Debug|Any CPU.ActiveCfg = Debug|Any CPU
		{D0D3DF0E-1A41-44B0-8E11-8589FDB8D6C6}.Debug|Any CPU.Build.0 = Debug|Any CPU
		{D0D3DF0E-1A41-44B0-8E11-8589FDB8D6C6}.Release|Any CPU.ActiveCfg = Release|Any CPU
		{D0D3DF0E-1A41-44B0-8E11-8589FDB8D6C6}.Release|Any CPU.Build.0 = Release|Any CPU
	EndGlobalSection
	GlobalSection(SolutionProperties) = preSolution
		HideSolutionNode = FALSE
	EndGlobalSection
	GlobalSection(ExtensibilityGlobals) = postSolution
		SolutionGuid = {0C0A180B-2BDC-49D1-9BF5-817B32C20A6B}
	EndGlobalSection
EndGlobal
